// !$*UTF8*$!
{
	archiveVersion = 1;
	classes = {
	};
	objectVersion = 56;
	objects = {

/* Begin PBXBuildFile section */
		529795EE2A74A04A003D62AF /* RealityKitContent in Frameworks */ = {isa = PBXBuildFile; productRef = 529795ED2A74A04A003D62AF /* RealityKitContent */; };
		529795F02A74A04A003D62AF /* visionMusicAppApp.swift in Sources */ = {isa = PBXBuildFile; fileRef = 529795EF2A74A04A003D62AF /* visionMusicAppApp.swift */; };
		529795F22A74A04A003D62AF /* ContentView.swift in Sources */ = {isa = PBXBuildFile; fileRef = 529795F12A74A04A003D62AF /* ContentView.swift */; };
		529795F42A74A04F003D62AF /* Assets.xcassets in Resources */ = {isa = PBXBuildFile; fileRef = 529795F32A74A04F003D62AF /* Assets.xcassets */; };
		529795F72A74A04F003D62AF /* Preview Assets.xcassets in Resources */ = {isa = PBXBuildFile; fileRef = 529795F62A74A04F003D62AF /* Preview Assets.xcassets */; };
		529795FF2A74A349003D62AF /* SideMenuItem.swift in Sources */ = {isa = PBXBuildFile; fileRef = 529795FE2A74A349003D62AF /* SideMenuItem.swift */; };
		529796022A74A53F003D62AF /* SideBarView.swift in Sources */ = {isa = PBXBuildFile; fileRef = 529796012A74A53F003D62AF /* SideBarView.swift */; };
		529796042A74A5B2003D62AF /* AlbumsView.swift in Sources */ = {isa = PBXBuildFile; fileRef = 529796032A74A5B2003D62AF /* AlbumsView.swift */; };
		529796062A74A75A003D62AF /* Album.swift in Sources */ = {isa = PBXBuildFile; fileRef = 529796052A74A75A003D62AF /* Album.swift */; };
/* End PBXBuildFile section */

/* Begin PBXFileReference section */
		529795E82A74A04A003D62AF /* visionMusicApp.app */ = {isa = PBXFileReference; explicitFileType = wrapper.application; includeInIndex = 0; path = visionMusicApp.app; sourceTree = BUILT_PRODUCTS_DIR; };
		529795EC2A74A04A003D62AF /* RealityKitContent */ = {isa = PBXFileReference; lastKnownFileType = wrapper; path = RealityKitContent; sourceTree = "<group>"; };
		529795EF2A74A04A003D62AF /* visionMusicAppApp.swift */ = {isa = PBXFileReference; lastKnownFileType = sourcecode.swift; path = visionMusicAppApp.swift; sourceTree = "<group>"; };
		529795F12A74A04A003D62AF /* ContentView.swift */ = {isa = PBXFileReference; lastKnownFileType = sourcecode.swift; path = ContentView.swift; sourceTree = "<group>"; };
		529795F32A74A04F003D62AF /* Assets.xcassets */ = {isa = PBXFileReference; lastKnownFileType = folder.assetcatalog; path = Assets.xcassets; sourceTree = "<group>"; };
		529795F62A74A04F003D62AF /* Preview Assets.xcassets */ = {isa = PBXFileReference; lastKnownFileType = folder.assetcatalog; path = "Preview Assets.xcassets"; sourceTree = "<group>"; };
		529795FE2A74A349003D62AF /* SideMenuItem.swift */ = {isa = PBXFileReference; lastKnownFileType = sourcecode.swift; path = SideMenuItem.swift; sourceTree = "<group>"; };
		529796012A74A53F003D62AF /* SideBarView.swift */ = {isa = PBXFileReference; lastKnownFileType = sourcecode.swift; path = SideBarView.swift; sourceTree = "<group>"; };
		529796032A74A5B2003D62AF /* AlbumsView.swift */ = {isa = PBXFileReference; lastKnownFileType = sourcecode.swift; path = AlbumsView.swift; sourceTree = "<group>"; };
		529796052A74A75A003D62AF /* Album.swift */ = {isa = PBXFileReference; lastKnownFileType = sourcecode.swift; path = Album.swift; sourceTree = "<group>"; };
/* End PBXFileReference section */

/* Begin PBXFrameworksBuildPhase section */
		529795E52A74A04A003D62AF /* Frameworks */ = {
			isa = PBXFrameworksBuildPhase;
			buildActionMask = 2147483647;
			files = (
				529795EE2A74A04A003D62AF /* RealityKitContent in Frameworks */,
			);
			runOnlyForDeploymentPostprocessing = 0;
		};
/* End PBXFrameworksBuildPhase section */

/* Begin PBXGroup section */
		529795DF2A74A04A003D62AF = {
			isa = PBXGroup;
			children = (
				529795EA2A74A04A003D62AF /* visionMusicApp */,
				529795EB2A74A04A003D62AF /* Packages */,
				529795E92A74A04A003D62AF /* Products */,
			);
			sourceTree = "<group>";
		};
		529795E92A74A04A003D62AF /* Products */ = {
			isa = PBXGroup;
			children = (
				529795E82A74A04A003D62AF /* visionMusicApp.app */,
			);
			name = Products;
			sourceTree = "<group>";
		};
		529795EA2A74A04A003D62AF /* visionMusicApp */ = {
			isa = PBXGroup;
			children = (
				529796002A74A531003D62AF /* Views */,
				529795FD2A74A339003D62AF /* Models */,
				529795EF2A74A04A003D62AF /* visionMusicAppApp.swift */,
				529795F12A74A04A003D62AF /* ContentView.swift */,
				529795F32A74A04F003D62AF /* Assets.xcassets */,
				529795F52A74A04F003D62AF /* Preview Content */,
			);
			path = visionMusicApp;
			sourceTree = "<group>";
		};
		529795EB2A74A04A003D62AF /* Packages */ = {
			isa = PBXGroup;
			children = (
				529795EC2A74A04A003D62AF /* RealityKitContent */,
			);
			path = Packages;
			sourceTree = "<group>";
		};
		529795F52A74A04F003D62AF /* Preview Content */ = {
			isa = PBXGroup;
			children = (
				529795F62A74A04F003D62AF /* Preview Assets.xcassets */,
			);
			path = "Preview Content";
			sourceTree = "<group>";
		};
		529795FD2A74A339003D62AF /* Models */ = {
			isa = PBXGroup;
			children = (
				529795FE2A74A349003D62AF /* SideMenuItem.swift */,
				529796052A74A75A003D62AF /* Album.swift */,
			);
			path = Models;
			sourceTree = "<group>";
		};
		529796002A74A531003D62AF /* Views */ = {
			isa = PBXGroup;
			children = (
				529796012A74A53F003D62AF /* SideBarView.swift */,
				529796032A74A5B2003D62AF /* AlbumsView.swift */,
			);
			path = Views;
			sourceTree = "<group>";
		};
/* End PBXGroup section */

/* Begin PBXNativeTarget section */
		529795E72A74A04A003D62AF /* visionMusicApp */ = {
			isa = PBXNativeTarget;
			buildConfigurationList = 529795FA2A74A04F003D62AF /* Build configuration list for PBXNativeTarget "visionMusicApp" */;
			buildPhases = (
				529795E42A74A04A003D62AF /* Sources */,
				529795E52A74A04A003D62AF /* Frameworks */,
				529795E62A74A04A003D62AF /* Resources */,
			);
			buildRules = (
			);
			dependencies = (
			);
			name = visionMusicApp;
			packageProductDependencies = (
				529795ED2A74A04A003D62AF /* RealityKitContent */,
			);
			productName = visionMusicApp;
			productReference = 529795E82A74A04A003D62AF /* visionMusicApp.app */;
			productType = "com.apple.product-type.application";
		};
/* End PBXNativeTarget section */

/* Begin PBXProject section */
		529795E02A74A04A003D62AF /* Project object */ = {
			isa = PBXProject;
			attributes = {
				BuildIndependentTargetsInParallel = 1;
				LastSwiftUpdateCheck = 1500;
				LastUpgradeCheck = 1500;
				TargetAttributes = {
					529795E72A74A04A003D62AF = {
						CreatedOnToolsVersion = 15.0;
					};
				};
			};
			buildConfigurationList = 529795E32A74A04A003D62AF /* Build configuration list for PBXProject "visionMusicApp" */;
			compatibilityVersion = "Xcode 14.0";
			developmentRegion = en;
			hasScannedForEncodings = 0;
			knownRegions = (
				en,
				Base,
			);
			mainGroup = 529795DF2A74A04A003D62AF;
			productRefGroup = 529795E92A74A04A003D62AF /* Products */;
			projectDirPath = "";
			projectRoot = "";
			targets = (
				529795E72A74A04A003D62AF /* visionMusicApp */,
			);
		};
/* End PBXProject section */

/* Begin PBXResourcesBuildPhase section */
		529795E62A74A04A003D62AF /* Resources */ = {
			isa = PBXResourcesBuildPhase;
			buildActionMask = 2147483647;
			files = (
				529795F72A74A04F003D62AF /* Preview Assets.xcassets in Resources */,
				529795F42A74A04F003D62AF /* Assets.xcassets in Resources */,
			);
			runOnlyForDeploymentPostprocessing = 0;
		};
/* End PBXResourcesBuildPhase section */

/* Begin PBXSourcesBuildPhase section */
		529795E42A74A04A003D62AF /* Sources */ = {
			isa = PBXSourcesBuildPhase;
			buildActionMask = 2147483647;
			files = (
				529795F22A74A04A003D62AF /* ContentView.swift in Sources */,
				529796022A74A53F003D62AF /* SideBarView.swift in Sources */,
				529795F02A74A04A003D62AF /* visionMusicAppApp.swift in Sources */,
				529795FF2A74A349003D62AF /* SideMenuItem.swift in Sources */,
				529796042A74A5B2003D62AF /* AlbumsView.swift in Sources */,
				529796062A74A75A003D62AF /* Album.swift in Sources */,
			);
			runOnlyForDeploymentPostprocessing = 0;
		};
/* End PBXSourcesBuildPhase section */

/* Begin XCBuildConfiguration section */
		529795F82A74A04F003D62AF /* Debug */ = {
			isa = XCBuildConfiguration;
			buildSettings = {
				ALWAYS_SEARCH_USER_PATHS = NO;
				ASSETCATALOG_COMPILER_GENERATE_SWIFT_ASSET_SYMBOL_EXTENSIONS = YES;
				CLANG_ANALYZER_NONNULL = YES;
				CLANG_ANALYZER_NUMBER_OBJECT_CONVERSION = YES_AGGRESSIVE;
				CLANG_CXX_LANGUAGE_STANDARD = "gnu++20";
				CLANG_ENABLE_MODULES = YES;
				CLANG_ENABLE_OBJC_ARC = YES;
				CLANG_ENABLE_OBJC_WEAK = YES;
				CLANG_WARN_BLOCK_CAPTURE_AUTORELEASING = YES;
				CLANG_WARN_BOOL_CONVERSION = YES;
				CLANG_WARN_COMMA = YES;
				CLANG_WARN_CONSTANT_CONVERSION = YES;
				CLANG_WARN_DEPRECATED_OBJC_IMPLEMENTATIONS = YES;
				CLANG_WARN_DIRECT_OBJC_ISA_USAGE = YES_ERROR;
				CLANG_WARN_DOCUMENTATION_COMMENTS = YES;
				CLANG_WARN_EMPTY_BODY = YES;
				CLANG_WARN_ENUM_CONVERSION = YES;
				CLANG_WARN_INFINITE_RECURSION = YES;
				CLANG_WARN_INT_CONVERSION = YES;
				CLANG_WARN_NON_LITERAL_NULL_CONVERSION = YES;
				CLANG_WARN_OBJC_IMPLICIT_RETAIN_SELF = YES;
				CLANG_WARN_OBJC_LITERAL_CONVERSION = YES;
				CLANG_WARN_OBJC_ROOT_CLASS = YES_ERROR;
				CLANG_WARN_QUOTED_INCLUDE_IN_FRAMEWORK_HEADER = YES;
				CLANG_WARN_RANGE_LOOP_ANALYSIS = YES;
				CLANG_WARN_STRICT_PROTOTYPES = YES;
				CLANG_WARN_SUSPICIOUS_MOVE = YES;
				CLANG_WARN_UNGUARDED_AVAILABILITY = YES_AGGRESSIVE;
				CLANG_WARN_UNREACHABLE_CODE = YES;
				CLANG_WARN__DUPLICATE_METHOD_MATCH = YES;
				COPY_PHASE_STRIP = NO;
				DEBUG_INFORMATION_FORMAT = dwarf;
				ENABLE_STRICT_OBJC_MSGSEND = YES;
				ENABLE_TESTABILITY = YES;
				ENABLE_USER_SCRIPT_SANDBOXING = YES;
				GCC_C_LANGUAGE_STANDARD = gnu17;
				GCC_DYNAMIC_NO_PIC = NO;
				GCC_NO_COMMON_BLOCKS = YES;
				GCC_OPTIMIZATION_LEVEL = 0;
				GCC_PREPROCESSOR_DEFINITIONS = (
					"DEBUG=1",
					"$(inherited)",
				);
				GCC_WARN_64_TO_32_BIT_CONVERSION = YES;
				GCC_WARN_ABOUT_RETURN_TYPE = YES_ERROR;
				GCC_WARN_UNDECLARED_SELECTOR = YES;
				GCC_WARN_UNINITIALIZED_AUTOS = YES_AGGRESSIVE;
				GCC_WARN_UNUSED_FUNCTION = YES;
				GCC_WARN_UNUSED_VARIABLE = YES;
				LOCALIZATION_PREFERS_STRING_CATALOGS = YES;
				MTL_ENABLE_DEBUG_INFO = INCLUDE_SOURCE;
				MTL_FAST_MATH = YES;
				ONLY_ACTIVE_ARCH = YES;
				SDKROOT = xros;
				SWIFT_ACTIVE_COMPILATION_CONDITIONS = "DEBUG $(inherited)";
				SWIFT_OPTIMIZATION_LEVEL = "-Onone";
				XROS_DEPLOYMENT_TARGET = 1.0;
			};
			name = Debug;
		};
		529795F92A74A04F003D62AF /* Release */ = {
			isa = XCBuildConfiguration;
			buildSettings = {
				ALWAYS_SEARCH_USER_PATHS = NO;
				ASSETCATALOG_COMPILER_GENERATE_SWIFT_ASSET_SYMBOL_EXTENSIONS = YES;
				CLANG_ANALYZER_NONNULL = YES;
				CLANG_ANALYZER_NUMBER_OBJECT_CONVERSION = YES_AGGRESSIVE;
				CLANG_CXX_LANGUAGE_STANDARD = "gnu++20";
				CLANG_ENABLE_MODULES = YES;
				CLANG_ENABLE_OBJC_ARC = YES;
				CLANG_ENABLE_OBJC_WEAK = YES;
				CLANG_WARN_BLOCK_CAPTURE_AUTORELEASING = YES;
				CLANG_WARN_BOOL_CONVERSION = YES;
				CLANG_WARN_COMMA = YES;
				CLANG_WARN_CONSTANT_CONVERSION = YES;
				CLANG_WARN_DEPRECATED_OBJC_IMPLEMENTATIONS = YES;
				CLANG_WARN_DIRECT_OBJC_ISA_USAGE = YES_ERROR;
				CLANG_WARN_DOCUMENTATION_COMMENTS = YES;
				CLANG_WARN_EMPTY_BODY = YES;
				CLANG_WARN_ENUM_CONVERSION = YES;
				CLANG_WARN_INFINITE_RECURSION = YES;
				CLANG_WARN_INT_CONVERSION = YES;
				CLANG_WARN_NON_LITERAL_NULL_CONVERSION = YES;
				CLANG_WARN_OBJC_IMPLICIT_RETAIN_SELF = YES;
				CLANG_WARN_OBJC_LITERAL_CONVERSION = YES;
				CLANG_WARN_OBJC_ROOT_CLASS = YES_ERROR;
				CLANG_WARN_QUOTED_INCLUDE_IN_FRAMEWORK_HEADER = YES;
				CLANG_WARN_RANGE_LOOP_ANALYSIS = YES;
				CLANG_WARN_STRICT_PROTOTYPES = YES;
				CLANG_WARN_SUSPICIOUS_MOVE = YES;
				CLANG_WARN_UNGUARDED_AVAILABILITY = YES_AGGRESSIVE;
				CLANG_WARN_UNREACHABLE_CODE = YES;
				CLANG_WARN__DUPLICATE_METHOD_MATCH = YES;
				COPY_PHASE_STRIP = NO;
				DEBUG_INFORMATION_FORMAT = "dwarf-with-dsym";
				ENABLE_NS_ASSERTIONS = NO;
				ENABLE_STRICT_OBJC_MSGSEND = YES;
				ENABLE_USER_SCRIPT_SANDBOXING = YES;
				GCC_C_LANGUAGE_STANDARD = gnu17;
				GCC_NO_COMMON_BLOCKS = YES;
				GCC_WARN_64_TO_32_BIT_CONVERSION = YES;
				GCC_WARN_ABOUT_RETURN_TYPE = YES_ERROR;
				GCC_WARN_UNDECLARED_SELECTOR = YES;
				GCC_WARN_UNINITIALIZED_AUTOS = YES_AGGRESSIVE;
				GCC_WARN_UNUSED_FUNCTION = YES;
				GCC_WARN_UNUSED_VARIABLE = YES;
				LOCALIZATION_PREFERS_STRING_CATALOGS = YES;
				MTL_ENABLE_DEBUG_INFO = NO;
				MTL_FAST_MATH = YES;
				SDKROOT = xros;
				SWIFT_COMPILATION_MODE = wholemodule;
				VALIDATE_PRODUCT = YES;
				XROS_DEPLOYMENT_TARGET = 1.0;
			};
			name = Release;
		};
		529795FB2A74A04F003D62AF /* Debug */ = {
			isa = XCBuildConfiguration;
			buildSettings = {
				ASSETCATALOG_COMPILER_APPICON_NAME = AppIcon;
				ASSETCATALOG_COMPILER_GLOBAL_ACCENT_COLOR_NAME = AccentColor;
				CODE_SIGN_STYLE = Automatic;
				CURRENT_PROJECT_VERSION = 1;
				DEVELOPMENT_ASSET_PATHS = "\"visionMusicApp/Preview Content\"";
				ENABLE_PREVIEWS = YES;
				GENERATE_INFOPLIST_FILE = YES;
				INFOPLIST_KEY_UIApplicationSceneManifest_Generation = YES;
				LD_RUNPATH_SEARCH_PATHS = (
					"$(inherited)",
					"@executable_path/Frameworks",
				);
				MARKETING_VERSION = 1.0;
				PRODUCT_BUNDLE_IDENTIFIER = com.fabricyo.visionMusicApp;
				PRODUCT_NAME = "$(TARGET_NAME)";
				SUPPORTED_PLATFORMS = "xros xrsimulator";
				SWIFT_EMIT_LOC_STRINGS = YES;
				SWIFT_VERSION = 5.0;
				TARGETED_DEVICE_FAMILY = "1,2,7";
			};
			name = Debug;
		};
		529795FC2A74A04F003D62AF /* Release */ = {
			isa = XCBuildConfiguration;
			buildSettings = {
				ASSETCATALOG_COMPILER_APPICON_NAME = AppIcon;
				ASSETCATALOG_COMPILER_GLOBAL_ACCENT_COLOR_NAME = AccentColor;
				CODE_SIGN_STYLE = Automatic;
				CURRENT_PROJECT_VERSION = 1;
				DEVELOPMENT_ASSET_PATHS = "\"visionMusicApp/Preview Content\"";
				ENABLE_PREVIEWS = YES;
				GENERATE_INFOPLIST_FILE = YES;
				INFOPLIST_KEY_UIApplicationSceneManifest_Generation = YES;
				LD_RUNPATH_SEARCH_PATHS = (
					"$(inherited)",
					"@executable_path/Frameworks",
				);
				MARKETING_VERSION = 1.0;
				PRODUCT_BUNDLE_IDENTIFIER = com.fabricyo.visionMusicApp;
				PRODUCT_NAME = "$(TARGET_NAME)";
				SUPPORTED_PLATFORMS = "xros xrsimulator";
				SWIFT_EMIT_LOC_STRINGS = YES;
				SWIFT_VERSION = 5.0;
				TARGETED_DEVICE_FAMILY = "1,2,7";
			};
			name = Release;
		};
/* End XCBuildConfiguration section */

/* Begin XCConfigurationList section */
		529795E32A74A04A003D62AF /* Build configuration list for PBXProject "visionMusicApp" */ = {
			isa = XCConfigurationList;
			buildConfigurations = (
				529795F82A74A04F003D62AF /* Debug */,
				529795F92A74A04F003D62AF /* Release */,
			);
			defaultConfigurationIsVisible = 0;
			defaultConfigurationName = Release;
		};
		529795FA2A74A04F003D62AF /* Build configuration list for PBXNativeTarget "visionMusicApp" */ = {
			isa = XCConfigurationList;
			buildConfigurations = (
				529795FB2A74A04F003D62AF /* Debug */,
				529795FC2A74A04F003D62AF /* Release */,
			);
			defaultConfigurationIsVisible = 0;
			defaultConfigurationName = Release;
		};
/* End XCConfigurationList section */

/* Begin XCSwiftPackageProductDependency section */
		529795ED2A74A04A003D62AF /* RealityKitContent */ = {
			isa = XCSwiftPackageProductDependency;
			productName = RealityKitContent;
		};
/* End XCSwiftPackageProductDependency section */
	};
	rootObject = 529795E02A74A04A003D62AF /* Project object */;
}
